{
  "name": "jquery-weekpicker",
  "version": "1.0.3",
  "lockfileVersion": 1,
  "requires": true,
  "dependencies": {
    "@types/jquery": {
      "version": "3.2.11",
      "resolved": "https://registry.npmjs.org/@types/jquery/-/jquery-3.2.11.tgz",
      "integrity": "sha512-Hu1JquYz58pcLLJU4AWvtvo0Yq5HbEHGGJV/XlTfJtePxbpT1mzfGr6FlH08wTi/ClR2yUb21/P/lgoH+LrRow=="
    },
    "@types/jqueryui": {
      "version": "1.11.35",
      "resolved": "https://registry.npmjs.org/@types/jqueryui/-/jqueryui-1.11.35.tgz",
      "integrity": "sha512-bdiZZ64C/pJxzjy8dtR6eUjh+m9eP+Z6Rz9g9VkQzSzae0EYXwm2A/LmYjhO/g+igrSzmiBJ9zteEg2zcJYrxg==",
      "requires": {
        "@types/jquery": "3.2.11"
      }
    },
    "jquery-ui": {
      "version": "1.12.1",
      "resolved": "https://registry.npmjs.org/jquery-ui/-/jquery-ui-1.12.1.tgz",
      "integrity": "sha1-vLQEXI3QU5wTS8FIjN0+dop6nlE="
    }
  }
}
